// !$*UTF8*$!
{
	archiveVersion = 1;
	classes = {
	};
	objectVersion = 48;
	objects = {

/* Begin PBXBuildFile section */
		05E26720035BE4162A72F298 /* Pods_WhisperTests.framework in Frameworks */ = {isa = PBXBuildFile; fileRef = 74A1DA636E9450C99FD2201C /* Pods_WhisperTests.framework */; };
		0EAC85F21E712EE5E692BBA8 /* Pods_Whisper.framework in Frameworks */ = {isa = PBXBuildFile; fileRef = D402C6D80EAE078F7C580090 /* Pods_Whisper.framework */; };
		191CB32C1FDEAD4A00B30E36 /* Starscream.framework in Frameworks */ = {isa = PBXBuildFile; fileRef = 191CB32D1FDEAD4A00B30E36 /* Starscream.framework */; };
		191CB32F1FDEAD7100B30E36 /* Starscream.framework in Copy Frameworks (1 item) */ = {isa = PBXBuildFile; fileRef = 191CB32D1FDEAD4A00B30E36 /* Starscream.framework */; settings = {ATTRIBUTES = (CodeSignOnCopy, RemoveHeadersOnCopy, ); }; };
		191F76E71FD96BDE0076E041 /* SignInViewController.swift in Sources */ = {isa = PBXBuildFile; fileRef = 191F76E61FD96BDE0076E041 /* SignInViewController.swift */; };
		191F76E91FD96E0C0076E041 /* ConversationViewController.swift in Sources */ = {isa = PBXBuildFile; fileRef = 191F76E81FD96E0C0076E041 /* ConversationViewController.swift */; };
		195630861FD81E4800BB857E /* AppDelegate.swift in Sources */ = {isa = PBXBuildFile; fileRef = 195630851FD81E4800BB857E /* AppDelegate.swift */; };
		1956308B1FD81E4800BB857E /* Main.storyboard in Resources */ = {isa = PBXBuildFile; fileRef = 195630891FD81E4800BB857E /* Main.storyboard */; };
		1956308D1FD81E4800BB857E /* Assets.xcassets in Resources */ = {isa = PBXBuildFile; fileRef = 1956308C1FD81E4800BB857E /* Assets.xcassets */; };
		195630901FD81E4800BB857E /* LaunchScreen.storyboard in Resources */ = {isa = PBXBuildFile; fileRef = 1956308E1FD81E4800BB857E /* LaunchScreen.storyboard */; };
		1970B9BC1FDADA5F00E6F9CD /* MessageViewController.swift in Sources */ = {isa = PBXBuildFile; fileRef = 1970B9BB1FDADA5F00E6F9CD /* MessageViewController.swift */; };
		19747B611FDAB23E00F957B8 /* Conversation.swift in Sources */ = {isa = PBXBuildFile; fileRef = 19747B601FDAB23E00F957B8 /* Conversation.swift */; };
		19B2B1CB1FD859680067686C /* GoogleService-Info.plist in Resources */ = {isa = PBXBuildFile; fileRef = 19B2B1CA1FD859680067686C /* GoogleService-Info.plist */; };
		19B642851FD8229700EF5166 /* MessageTests.swift in Sources */ = {isa = PBXBuildFile; fileRef = 19B642841FD8229700EF5166 /* MessageTests.swift */; };
		19B642871FD822B200EF5166 /* Message.swift in Sources */ = {isa = PBXBuildFile; fileRef = 19B642861FD822B200EF5166 /* Message.swift */; };
		19B642891FD84EA900EF5166 /* ViewControllerUnitTests.swift in Sources */ = {isa = PBXBuildFile; fileRef = 19B642881FD84EA900EF5166 /* ViewControllerUnitTests.swift */; };
		19B6428B1FD84FD100EF5166 /* ViewControllerUITests.swift in Sources */ = {isa = PBXBuildFile; fileRef = 19B6428A1FD84FD100EF5166 /* ViewControllerUITests.swift */; };
		19D098291FE148A300594AAF /* WebSocketHandler.swift in Sources */ = {isa = PBXBuildFile; fileRef = 19D098281FE148A300594AAF /* WebSocketHandler.swift */; };
		19E5EDF81FD984FF009FC100 /* AuthProvider.swift in Sources */ = {isa = PBXBuildFile; fileRef = 19E5EDF71FD984FF009FC100 /* AuthProvider.swift */; };
		19E5EDFA1FD9AAF9009FC100 /* DBProvider.swift in Sources */ = {isa = PBXBuildFile; fileRef = 19E5EDF91FD9AAF9009FC100 /* DBProvider.swift */; };
		19E5EDFC1FD9AE58009FC100 /* Constants.swift in Sources */ = {isa = PBXBuildFile; fileRef = 19E5EDFB1FD9AE58009FC100 /* Constants.swift */; };
		19E5EDFE1FD9B959009FC100 /* DBProviderTests.swift in Sources */ = {isa = PBXBuildFile; fileRef = 19E5EDFD1FD9B959009FC100 /* DBProviderTests.swift */; };
		3B1965A31FE14F2B005E97B9 /* JSONHandler.swift in Sources */ = {isa = PBXBuildFile; fileRef = 3B1965A21FE14F2B005E97B9 /* JSONHandler.swift */; };
		6AA55A5D1FDFDA2A001F0D5E /* EncryptDecrypt.swift in Sources */ = {isa = PBXBuildFile; fileRef = 6AA55A5C1FDFDA2A001F0D5E /* EncryptDecrypt.swift */; };
		6AA610681FDFF882008023F7 /* key.swift in Sources */ = {isa = PBXBuildFile; fileRef = 6AA610671FDFF882008023F7 /* key.swift */; };
		831271061FDAFF8500E66063 /* MessagesHandler.swift in Sources */ = {isa = PBXBuildFile; fileRef = 831271051FDAFF8500E66063 /* MessagesHandler.swift */; };
		BE7C5EE64FDA8AF89BF42770 /* Pods_WhisperUITests.framework in Frameworks */ = {isa = PBXBuildFile; fileRef = 0807CA13377DEA786CC594D4 /* Pods_WhisperUITests.framework */; };
/* End PBXBuildFile section */

/* Begin PBXContainerItemProxy section */
		195630971FD81E4800BB857E /* PBXContainerItemProxy */ = {
			isa = PBXContainerItemProxy;
			containerPortal = 1956307A1FD81E4800BB857E /* Project object */;
			proxyType = 1;
			remoteGlobalIDString = 195630811FD81E4800BB857E;
			remoteInfo = Whisper;
		};
		195630A21FD81E4800BB857E /* PBXContainerItemProxy */ = {
			isa = PBXContainerItemProxy;
			containerPortal = 1956307A1FD81E4800BB857E /* Project object */;
			proxyType = 1;
			remoteGlobalIDString = 195630811FD81E4800BB857E;
			remoteInfo = Whisper;
		};
/* End PBXContainerItemProxy section */

/* Begin PBXCopyFilesBuildPhase section */
		191CB32E1FDEAD5000B30E36 /* Copy Frameworks (1 item) */ = {
			isa = PBXCopyFilesBuildPhase;
			buildActionMask = 2147483647;
			dstPath = "";
			dstSubfolderSpec = 10;
			files = (
				191CB32F1FDEAD7100B30E36 /* Starscream.framework in Copy Frameworks (1 item) */,
			);
			name = "Copy Frameworks (1 item)";
			runOnlyForDeploymentPostprocessing = 0;
		};
/* End PBXCopyFilesBuildPhase section */

/* Begin PBXFileReference section */
		0807CA13377DEA786CC594D4 /* Pods_WhisperUITests.framework */ = {isa = PBXFileReference; explicitFileType = wrapper.framework; includeInIndex = 0; path = Pods_WhisperUITests.framework; sourceTree = BUILT_PRODUCTS_DIR; };
		191CB32D1FDEAD4A00B30E36 /* Starscream.framework */ = {isa = PBXFileReference; explicitFileType = wrapper.framework; path = Starscream.framework; sourceTree = BUILT_PRODUCTS_DIR; };
		191F76E61FD96BDE0076E041 /* SignInViewController.swift */ = {isa = PBXFileReference; lastKnownFileType = sourcecode.swift; path = SignInViewController.swift; sourceTree = "<group>"; };
		191F76E81FD96E0C0076E041 /* ConversationViewController.swift */ = {isa = PBXFileReference; lastKnownFileType = sourcecode.swift; path = ConversationViewController.swift; sourceTree = "<group>"; };
		195630821FD81E4800BB857E /* Whisper.app */ = {isa = PBXFileReference; explicitFileType = wrapper.application; includeInIndex = 0; path = Whisper.app; sourceTree = BUILT_PRODUCTS_DIR; };
		195630851FD81E4800BB857E /* AppDelegate.swift */ = {isa = PBXFileReference; lastKnownFileType = sourcecode.swift; path = AppDelegate.swift; sourceTree = "<group>"; };
		1956308A1FD81E4800BB857E /* Base */ = {isa = PBXFileReference; lastKnownFileType = file.storyboard; name = Base; path = Base.lproj/Main.storyboard; sourceTree = "<group>"; };
		1956308C1FD81E4800BB857E /* Assets.xcassets */ = {isa = PBXFileReference; lastKnownFileType = folder.assetcatalog; path = Assets.xcassets; sourceTree = "<group>"; };
		1956308F1FD81E4800BB857E /* Base */ = {isa = PBXFileReference; lastKnownFileType = file.storyboard; name = Base; path = Base.lproj/LaunchScreen.storyboard; sourceTree = "<group>"; };
		195630911FD81E4800BB857E /* Info.plist */ = {isa = PBXFileReference; lastKnownFileType = text.plist.xml; path = Info.plist; sourceTree = "<group>"; };
		195630961FD81E4800BB857E /* WhisperTests.xctest */ = {isa = PBXFileReference; explicitFileType = wrapper.cfbundle; includeInIndex = 0; path = WhisperTests.xctest; sourceTree = BUILT_PRODUCTS_DIR; };
		1956309C1FD81E4800BB857E /* Info.plist */ = {isa = PBXFileReference; lastKnownFileType = text.plist.xml; path = Info.plist; sourceTree = "<group>"; };
		195630A11FD81E4800BB857E /* WhisperUITests.xctest */ = {isa = PBXFileReference; explicitFileType = wrapper.cfbundle; includeInIndex = 0; path = WhisperUITests.xctest; sourceTree = BUILT_PRODUCTS_DIR; };
		195630A71FD81E4800BB857E /* Info.plist */ = {isa = PBXFileReference; lastKnownFileType = text.plist.xml; path = Info.plist; sourceTree = "<group>"; };
		1970B9BB1FDADA5F00E6F9CD /* MessageViewController.swift */ = {isa = PBXFileReference; lastKnownFileType = sourcecode.swift; path = MessageViewController.swift; sourceTree = "<group>"; };
		19747B601FDAB23E00F957B8 /* Conversation.swift */ = {isa = PBXFileReference; lastKnownFileType = sourcecode.swift; path = Conversation.swift; sourceTree = "<group>"; };
		1986C25D1FE01A1A0008CE68 /* CryptoSwift.framework */ = {isa = PBXFileReference; explicitFileType = wrapper.framework; path = CryptoSwift.framework; sourceTree = BUILT_PRODUCTS_DIR; };
		19B2B1CA1FD859680067686C /* GoogleService-Info.plist */ = {isa = PBXFileReference; fileEncoding = 4; lastKnownFileType = text.plist.xml; path = "GoogleService-Info.plist"; sourceTree = "<group>"; };
		19B642841FD8229700EF5166 /* MessageTests.swift */ = {isa = PBXFileReference; lastKnownFileType = sourcecode.swift; path = MessageTests.swift; sourceTree = "<group>"; };
		19B642861FD822B200EF5166 /* Message.swift */ = {isa = PBXFileReference; lastKnownFileType = sourcecode.swift; path = Message.swift; sourceTree = "<group>"; };
		19B642881FD84EA900EF5166 /* ViewControllerUnitTests.swift */ = {isa = PBXFileReference; lastKnownFileType = sourcecode.swift; path = ViewControllerUnitTests.swift; sourceTree = "<group>"; };
		19B6428A1FD84FD100EF5166 /* ViewControllerUITests.swift */ = {isa = PBXFileReference; lastKnownFileType = sourcecode.swift; path = ViewControllerUITests.swift; sourceTree = "<group>"; };
		19D098281FE148A300594AAF /* WebSocketHandler.swift */ = {isa = PBXFileReference; lastKnownFileType = sourcecode.swift; path = WebSocketHandler.swift; sourceTree = "<group>"; };
		19E5EDF71FD984FF009FC100 /* AuthProvider.swift */ = {isa = PBXFileReference; lastKnownFileType = sourcecode.swift; path = AuthProvider.swift; sourceTree = "<group>"; };
		19E5EDF91FD9AAF9009FC100 /* DBProvider.swift */ = {isa = PBXFileReference; lastKnownFileType = sourcecode.swift; path = DBProvider.swift; sourceTree = "<group>"; };
		19E5EDFB1FD9AE58009FC100 /* Constants.swift */ = {isa = PBXFileReference; lastKnownFileType = sourcecode.swift; path = Constants.swift; sourceTree = "<group>"; };
		19E5EDFD1FD9B959009FC100 /* DBProviderTests.swift */ = {isa = PBXFileReference; lastKnownFileType = sourcecode.swift; path = DBProviderTests.swift; sourceTree = "<group>"; };
		32C04CF6B530973D3F3C2363 /* Pods-Whisper.release.xcconfig */ = {isa = PBXFileReference; includeInIndex = 1; lastKnownFileType = text.xcconfig; name = "Pods-Whisper.release.xcconfig"; path = "Pods/Target Support Files/Pods-Whisper/Pods-Whisper.release.xcconfig"; sourceTree = "<group>"; };
		3375D35140B927A0AC0F42C0 /* Pods-WhisperTests.release.xcconfig */ = {isa = PBXFileReference; includeInIndex = 1; lastKnownFileType = text.xcconfig; name = "Pods-WhisperTests.release.xcconfig"; path = "Pods/Target Support Files/Pods-WhisperTests/Pods-WhisperTests.release.xcconfig"; sourceTree = "<group>"; };
		3B1965A21FE14F2B005E97B9 /* JSONHandler.swift */ = {isa = PBXFileReference; lastKnownFileType = sourcecode.swift; path = JSONHandler.swift; sourceTree = "<group>"; };
		3B807CC2A75CBECFBF4AEB65 /* Pods-WhisperUITests.debug.xcconfig */ = {isa = PBXFileReference; includeInIndex = 1; lastKnownFileType = text.xcconfig; name = "Pods-WhisperUITests.debug.xcconfig"; path = "Pods/Target Support Files/Pods-WhisperUITests/Pods-WhisperUITests.debug.xcconfig"; sourceTree = "<group>"; };
		5CB22BF02806F06491463C4B /* Pods-WhisperUITests.release.xcconfig */ = {isa = PBXFileReference; includeInIndex = 1; lastKnownFileType = text.xcconfig; name = "Pods-WhisperUITests.release.xcconfig"; path = "Pods/Target Support Files/Pods-WhisperUITests/Pods-WhisperUITests.release.xcconfig"; sourceTree = "<group>"; };
		6AA55A5C1FDFDA2A001F0D5E /* EncryptDecrypt.swift */ = {isa = PBXFileReference; fileEncoding = 4; lastKnownFileType = sourcecode.swift; path = EncryptDecrypt.swift; sourceTree = "<group>"; };
		6AA610671FDFF882008023F7 /* key.swift */ = {isa = PBXFileReference; fileEncoding = 4; lastKnownFileType = sourcecode.swift; path = key.swift; sourceTree = "<group>"; };
		74A1DA636E9450C99FD2201C /* Pods_WhisperTests.framework */ = {isa = PBXFileReference; explicitFileType = wrapper.framework; includeInIndex = 0; path = Pods_WhisperTests.framework; sourceTree = BUILT_PRODUCTS_DIR; };
		831271051FDAFF8500E66063 /* MessagesHandler.swift */ = {isa = PBXFileReference; lastKnownFileType = sourcecode.swift; path = MessagesHandler.swift; sourceTree = "<group>"; };
		8B6CF3D00C6951E068BCF6D5 /* Pods-Whisper.debug.xcconfig */ = {isa = PBXFileReference; includeInIndex = 1; lastKnownFileType = text.xcconfig; name = "Pods-Whisper.debug.xcconfig"; path = "Pods/Target Support Files/Pods-Whisper/Pods-Whisper.debug.xcconfig"; sourceTree = "<group>"; };
		A0D953D6963C78C3950E356A /* Pods-WhisperTests.debug.xcconfig */ = {isa = PBXFileReference; includeInIndex = 1; lastKnownFileType = text.xcconfig; name = "Pods-WhisperTests.debug.xcconfig"; path = "Pods/Target Support Files/Pods-WhisperTests/Pods-WhisperTests.debug.xcconfig"; sourceTree = "<group>"; };
		D402C6D80EAE078F7C580090 /* Pods_Whisper.framework */ = {isa = PBXFileReference; explicitFileType = wrapper.framework; includeInIndex = 0; path = Pods_Whisper.framework; sourceTree = BUILT_PRODUCTS_DIR; };
/* End PBXFileReference section */

/* Begin PBXFrameworksBuildPhase section */
		1956307F1FD81E4800BB857E /* Frameworks */ = {
			isa = PBXFrameworksBuildPhase;
			buildActionMask = 2147483647;
			files = (
				191CB32C1FDEAD4A00B30E36 /* Starscream.framework in Frameworks */,
				0EAC85F21E712EE5E692BBA8 /* Pods_Whisper.framework in Frameworks */,
			);
			runOnlyForDeploymentPostprocessing = 0;
		};
		195630931FD81E4800BB857E /* Frameworks */ = {
			isa = PBXFrameworksBuildPhase;
			buildActionMask = 2147483647;
			files = (
				05E26720035BE4162A72F298 /* Pods_WhisperTests.framework in Frameworks */,
			);
			runOnlyForDeploymentPostprocessing = 0;
		};
		1956309E1FD81E4800BB857E /* Frameworks */ = {
			isa = PBXFrameworksBuildPhase;
			buildActionMask = 2147483647;
			files = (
				BE7C5EE64FDA8AF89BF42770 /* Pods_WhisperUITests.framework in Frameworks */,
			);
			runOnlyForDeploymentPostprocessing = 0;
		};
/* End PBXFrameworksBuildPhase section */

/* Begin PBXGroup section */
		191F76E31FD96B7C0076E041 /* Model */ = {
			isa = PBXGroup;
			children = (
				19E5EDFB1FD9AE58009FC100 /* Constants.swift */,
				19747B601FDAB23E00F957B8 /* Conversation.swift */,
			);
			path = Model;
			sourceTree = "<group>";
		};
		191F76E41FD96B830076E041 /* View */ = {
			isa = PBXGroup;
			children = (
			);
			path = View;
			sourceTree = "<group>";
		};
		191F76E51FD96B890076E041 /* Controller */ = {
			isa = PBXGroup;
			children = (
				191F76E61FD96BDE0076E041 /* SignInViewController.swift */,
				191F76E81FD96E0C0076E041 /* ConversationViewController.swift */,
				1970B9BB1FDADA5F00E6F9CD /* MessageViewController.swift */,
			);
			path = Controller;
			sourceTree = "<group>";
		};
		195630791FD81E4800BB857E = {
			isa = PBXGroup;
			children = (
				195630841FD81E4800BB857E /* Whisper */,
				195630991FD81E4800BB857E /* WhisperTests */,
				195630A41FD81E4800BB857E /* WhisperUITests */,
				195630831FD81E4800BB857E /* Products */,
				7FBD47BB1514AA58137C8DDB /* Pods */,
				5737E036EE8CD2F0AF7A1668 /* Frameworks */,
			);
			sourceTree = "<group>";
		};
		195630831FD81E4800BB857E /* Products */ = {
			isa = PBXGroup;
			children = (
				195630821FD81E4800BB857E /* Whisper.app */,
				195630961FD81E4800BB857E /* WhisperTests.xctest */,
				195630A11FD81E4800BB857E /* WhisperUITests.xctest */,
			);
			name = Products;
			sourceTree = "<group>";
		};
		195630841FD81E4800BB857E /* Whisper */ = {
			isa = PBXGroup;
			children = (
				6AA610671FDFF882008023F7 /* key.swift */,
				19E5EDF61FD984EA009FC100 /* Plugins */,
				191F76E51FD96B890076E041 /* Controller */,
				191F76E41FD96B830076E041 /* View */,
				191F76E31FD96B7C0076E041 /* Model */,
				195630851FD81E4800BB857E /* AppDelegate.swift */,
				195630891FD81E4800BB857E /* Main.storyboard */,
				1956308C1FD81E4800BB857E /* Assets.xcassets */,
				1956308E1FD81E4800BB857E /* LaunchScreen.storyboard */,
				19B2B1CA1FD859680067686C /* GoogleService-Info.plist */,
				195630911FD81E4800BB857E /* Info.plist */,
				19B642861FD822B200EF5166 /* Message.swift */,
			);
			path = Whisper;
			sourceTree = "<group>";
		};
		195630991FD81E4800BB857E /* WhisperTests */ = {
			isa = PBXGroup;
			children = (
				1956309C1FD81E4800BB857E /* Info.plist */,
				19B642841FD8229700EF5166 /* MessageTests.swift */,
				19B642881FD84EA900EF5166 /* ViewControllerUnitTests.swift */,
				19E5EDFD1FD9B959009FC100 /* DBProviderTests.swift */,
			);
			path = WhisperTests;
			sourceTree = "<group>";
		};
		195630A41FD81E4800BB857E /* WhisperUITests */ = {
			isa = PBXGroup;
			children = (
				195630A71FD81E4800BB857E /* Info.plist */,
				19B6428A1FD84FD100EF5166 /* ViewControllerUITests.swift */,
			);
			path = WhisperUITests;
			sourceTree = "<group>";
		};
		19E5EDF61FD984EA009FC100 /* Plugins */ = {
			isa = PBXGroup;
			children = (
				19E5EDF71FD984FF009FC100 /* AuthProvider.swift */,
				19E5EDF91FD9AAF9009FC100 /* DBProvider.swift */,
				831271051FDAFF8500E66063 /* MessagesHandler.swift */,
				6AA55A5C1FDFDA2A001F0D5E /* EncryptDecrypt.swift */,
				19D098281FE148A300594AAF /* WebSocketHandler.swift */,
				3B1965A21FE14F2B005E97B9 /* JSONHandler.swift */,
			);
			path = Plugins;
			sourceTree = "<group>";
		};
		5737E036EE8CD2F0AF7A1668 /* Frameworks */ = {
			isa = PBXGroup;
			children = (
				191CB32D1FDEAD4A00B30E36 /* Starscream.framework */,
				1986C25D1FE01A1A0008CE68 /* CryptoSwift.framework */,
				D402C6D80EAE078F7C580090 /* Pods_Whisper.framework */,
				74A1DA636E9450C99FD2201C /* Pods_WhisperTests.framework */,
				0807CA13377DEA786CC594D4 /* Pods_WhisperUITests.framework */,
			);
			name = Frameworks;
			sourceTree = "<group>";
		};
		7FBD47BB1514AA58137C8DDB /* Pods */ = {
			isa = PBXGroup;
			children = (
				8B6CF3D00C6951E068BCF6D5 /* Pods-Whisper.debug.xcconfig */,
				32C04CF6B530973D3F3C2363 /* Pods-Whisper.release.xcconfig */,
				A0D953D6963C78C3950E356A /* Pods-WhisperTests.debug.xcconfig */,
				3375D35140B927A0AC0F42C0 /* Pods-WhisperTests.release.xcconfig */,
				3B807CC2A75CBECFBF4AEB65 /* Pods-WhisperUITests.debug.xcconfig */,
				5CB22BF02806F06491463C4B /* Pods-WhisperUITests.release.xcconfig */,
			);
			name = Pods;
			sourceTree = "<group>";
		};
/* End PBXGroup section */

/* Begin PBXNativeTarget section */
		195630811FD81E4800BB857E /* Whisper */ = {
			isa = PBXNativeTarget;
			buildConfigurationList = 195630AA1FD81E4800BB857E /* Build configuration list for PBXNativeTarget "Whisper" */;
			buildPhases = (
				D73C6961B26E277473C89C54 /* [CP] Check Pods Manifest.lock */,
				1956307E1FD81E4800BB857E /* Sources */,
				1956307F1FD81E4800BB857E /* Frameworks */,
				195630801FD81E4800BB857E /* Resources */,
				CE627070C743CF9F33AC1C98 /* [CP] Embed Pods Frameworks */,
				37C8BA8CF9A50DC9CD875F0F /* [CP] Copy Pods Resources */,
				191CB32E1FDEAD5000B30E36 /* Copy Frameworks (1 item) */,
			);
			buildRules = (
			);
			dependencies = (
			);
			name = Whisper;
			productName = Whisper;
			productReference = 195630821FD81E4800BB857E /* Whisper.app */;
			productType = "com.apple.product-type.application";
		};
		195630951FD81E4800BB857E /* WhisperTests */ = {
			isa = PBXNativeTarget;
			buildConfigurationList = 195630AD1FD81E4800BB857E /* Build configuration list for PBXNativeTarget "WhisperTests" */;
			buildPhases = (
				32BEF2B8BE22D8AE74CA27D4 /* [CP] Check Pods Manifest.lock */,
				195630921FD81E4800BB857E /* Sources */,
				195630931FD81E4800BB857E /* Frameworks */,
				195630941FD81E4800BB857E /* Resources */,
				2DA27191E1AB278338675F09 /* [CP] Embed Pods Frameworks */,
				88EB0256551A68CA99F85DB6 /* [CP] Copy Pods Resources */,
			);
			buildRules = (
			);
			dependencies = (
				195630981FD81E4800BB857E /* PBXTargetDependency */,
			);
			name = WhisperTests;
			productName = WhisperTests;
			productReference = 195630961FD81E4800BB857E /* WhisperTests.xctest */;
			productType = "com.apple.product-type.bundle.unit-test";
		};
		195630A01FD81E4800BB857E /* WhisperUITests */ = {
			isa = PBXNativeTarget;
			buildConfigurationList = 195630B01FD81E4800BB857E /* Build configuration list for PBXNativeTarget "WhisperUITests" */;
			buildPhases = (
				84D4CA0EF066867A7ACAFA22 /* [CP] Check Pods Manifest.lock */,
				1956309D1FD81E4800BB857E /* Sources */,
				1956309E1FD81E4800BB857E /* Frameworks */,
				1956309F1FD81E4800BB857E /* Resources */,
				D6A8D45DF67C4D58C7FD23D1 /* [CP] Embed Pods Frameworks */,
				FB4BA0D268C037DA654F83A9 /* [CP] Copy Pods Resources */,
			);
			buildRules = (
			);
			dependencies = (
				195630A31FD81E4800BB857E /* PBXTargetDependency */,
			);
			name = WhisperUITests;
			productName = WhisperUITests;
			productReference = 195630A11FD81E4800BB857E /* WhisperUITests.xctest */;
			productType = "com.apple.product-type.bundle.ui-testing";
		};
/* End PBXNativeTarget section */

/* Begin PBXProject section */
		1956307A1FD81E4800BB857E /* Project object */ = {
			isa = PBXProject;
			attributes = {
				LastSwiftUpdateCheck = 0910;
				LastUpgradeCheck = 0910;
				ORGANIZATIONNAME = "Lucy Borthwick";
				TargetAttributes = {
					195630811FD81E4800BB857E = {
						CreatedOnToolsVersion = 9.1;
						ProvisioningStyle = Automatic;
					};
					195630951FD81E4800BB857E = {
						CreatedOnToolsVersion = 9.1;
						ProvisioningStyle = Automatic;
						TestTargetID = 195630811FD81E4800BB857E;
					};
					195630A01FD81E4800BB857E = {
						CreatedOnToolsVersion = 9.1;
						LastSwiftMigration = 0910;
						ProvisioningStyle = Automatic;
						TestTargetID = 195630811FD81E4800BB857E;
					};
				};
			};
			buildConfigurationList = 1956307D1FD81E4800BB857E /* Build configuration list for PBXProject "Whisper" */;
			compatibilityVersion = "Xcode 8.0";
			developmentRegion = en;
			hasScannedForEncodings = 0;
			knownRegions = (
				en,
				Base,
			);
			mainGroup = 195630791FD81E4800BB857E;
			productRefGroup = 195630831FD81E4800BB857E /* Products */;
			projectDirPath = "";
			projectRoot = "";
			targets = (
				195630811FD81E4800BB857E /* Whisper */,
				195630951FD81E4800BB857E /* WhisperTests */,
				195630A01FD81E4800BB857E /* WhisperUITests */,
			);
		};
/* End PBXProject section */

/* Begin PBXResourcesBuildPhase section */
		195630801FD81E4800BB857E /* Resources */ = {
			isa = PBXResourcesBuildPhase;
			buildActionMask = 2147483647;
			files = (
				195630901FD81E4800BB857E /* LaunchScreen.storyboard in Resources */,
				19B2B1CB1FD859680067686C /* GoogleService-Info.plist in Resources */,
				1956308D1FD81E4800BB857E /* Assets.xcassets in Resources */,
				1956308B1FD81E4800BB857E /* Main.storyboard in Resources */,
			);
			runOnlyForDeploymentPostprocessing = 0;
		};
		195630941FD81E4800BB857E /* Resources */ = {
			isa = PBXResourcesBuildPhase;
			buildActionMask = 2147483647;
			files = (
			);
			runOnlyForDeploymentPostprocessing = 0;
		};
		1956309F1FD81E4800BB857E /* Resources */ = {
			isa = PBXResourcesBuildPhase;
			buildActionMask = 2147483647;
			files = (
			);
			runOnlyForDeploymentPostprocessing = 0;
		};
/* End PBXResourcesBuildPhase section */

/* Begin PBXShellScriptBuildPhase section */
		2DA27191E1AB278338675F09 /* [CP] Embed Pods Frameworks */ = {
			isa = PBXShellScriptBuildPhase;
			buildActionMask = 2147483647;
			files = (
			);
			inputPaths = (
				"${SRCROOT}/Pods/Target Support Files/Pods-WhisperTests/Pods-WhisperTests-frameworks.sh",
				"${BUILT_PRODUCTS_DIR}/GoogleToolboxForMac-Defines-NSData+zlib/GoogleToolboxForMac.framework",
				"${BUILT_PRODUCTS_DIR}/leveldb-library/leveldb.framework",
				"${BUILT_PRODUCTS_DIR}/nanopb/nanopb.framework",
			);
			name = "[CP] Embed Pods Frameworks";
			outputPaths = (
				"${TARGET_BUILD_DIR}/${FRAMEWORKS_FOLDER_PATH}/GoogleToolboxForMac.framework",
				"${TARGET_BUILD_DIR}/${FRAMEWORKS_FOLDER_PATH}/leveldb.framework",
				"${TARGET_BUILD_DIR}/${FRAMEWORKS_FOLDER_PATH}/nanopb.framework",
			);
			runOnlyForDeploymentPostprocessing = 0;
			shellPath = /bin/sh;
			shellScript = "\"${SRCROOT}/Pods/Target Support Files/Pods-WhisperTests/Pods-WhisperTests-frameworks.sh\"\n";
			showEnvVarsInLog = 0;
		};
		32BEF2B8BE22D8AE74CA27D4 /* [CP] Check Pods Manifest.lock */ = {
			isa = PBXShellScriptBuildPhase;
			buildActionMask = 2147483647;
			files = (
			);
			inputPaths = (
				"${PODS_PODFILE_DIR_PATH}/Podfile.lock",
				"${PODS_ROOT}/Manifest.lock",
			);
			name = "[CP] Check Pods Manifest.lock";
			outputPaths = (
				"$(DERIVED_FILE_DIR)/Pods-WhisperTests-checkManifestLockResult.txt",
			);
			runOnlyForDeploymentPostprocessing = 0;
			shellPath = /bin/sh;
			shellScript = "diff \"${PODS_PODFILE_DIR_PATH}/Podfile.lock\" \"${PODS_ROOT}/Manifest.lock\" > /dev/null\nif [ $? != 0 ] ; then\n    # print error to STDERR\n    echo \"error: The sandbox is not in sync with the Podfile.lock. Run 'pod install' or update your CocoaPods installation.\" >&2\n    exit 1\nfi\n# This output is used by Xcode 'outputs' to avoid re-running this script phase.\necho \"SUCCESS\" > \"${SCRIPT_OUTPUT_FILE_0}\"\n";
			showEnvVarsInLog = 0;
		};
		37C8BA8CF9A50DC9CD875F0F /* [CP] Copy Pods Resources */ = {
			isa = PBXShellScriptBuildPhase;
			buildActionMask = 2147483647;
			files = (
			);
			inputPaths = (
			);
			name = "[CP] Copy Pods Resources";
			outputPaths = (
			);
			runOnlyForDeploymentPostprocessing = 0;
			shellPath = /bin/sh;
			shellScript = "\"${SRCROOT}/Pods/Target Support Files/Pods-Whisper/Pods-Whisper-resources.sh\"\n";
			showEnvVarsInLog = 0;
		};
		84D4CA0EF066867A7ACAFA22 /* [CP] Check Pods Manifest.lock */ = {
			isa = PBXShellScriptBuildPhase;
			buildActionMask = 2147483647;
			files = (
			);
			inputPaths = (
				"${PODS_PODFILE_DIR_PATH}/Podfile.lock",
				"${PODS_ROOT}/Manifest.lock",
			);
			name = "[CP] Check Pods Manifest.lock";
			outputPaths = (
				"$(DERIVED_FILE_DIR)/Pods-WhisperUITests-checkManifestLockResult.txt",
			);
			runOnlyForDeploymentPostprocessing = 0;
			shellPath = /bin/sh;
			shellScript = "diff \"${PODS_PODFILE_DIR_PATH}/Podfile.lock\" \"${PODS_ROOT}/Manifest.lock\" > /dev/null\nif [ $? != 0 ] ; then\n    # print error to STDERR\n    echo \"error: The sandbox is not in sync with the Podfile.lock. Run 'pod install' or update your CocoaPods installation.\" >&2\n    exit 1\nfi\n# This output is used by Xcode 'outputs' to avoid re-running this script phase.\necho \"SUCCESS\" > \"${SCRIPT_OUTPUT_FILE_0}\"\n";
			showEnvVarsInLog = 0;
		};
		88EB0256551A68CA99F85DB6 /* [CP] Copy Pods Resources */ = {
			isa = PBXShellScriptBuildPhase;
			buildActionMask = 2147483647;
			files = (
			);
			inputPaths = (
			);
			name = "[CP] Copy Pods Resources";
			outputPaths = (
			);
			runOnlyForDeploymentPostprocessing = 0;
			shellPath = /bin/sh;
			shellScript = "\"${SRCROOT}/Pods/Target Support Files/Pods-WhisperTests/Pods-WhisperTests-resources.sh\"\n";
			showEnvVarsInLog = 0;
		};
		CE627070C743CF9F33AC1C98 /* [CP] Embed Pods Frameworks */ = {
			isa = PBXShellScriptBuildPhase;
			buildActionMask = 2147483647;
			files = (
			);
			inputPaths = (
				"${SRCROOT}/Pods/Target Support Files/Pods-Whisper/Pods-Whisper-frameworks.sh",
				"${BUILT_PRODUCTS_DIR}/CryptoSwift/CryptoSwift.framework",
				"${BUILT_PRODUCTS_DIR}/GTMSessionFetcher/GTMSessionFetcher.framework",
				"${BUILT_PRODUCTS_DIR}/GoogleToolboxForMac-f0850809/GoogleToolboxForMac.framework",
				"${BUILT_PRODUCTS_DIR}/JSQMessagesViewController/JSQMessagesViewController.framework",
				"${BUILT_PRODUCTS_DIR}/JSQSystemSoundPlayer/JSQSystemSoundPlayer.framework",
				"${BUILT_PRODUCTS_DIR}/RNCryptor/RNCryptor.framework",
				"${BUILT_PRODUCTS_DIR}/Starscream/Starscream.framework",
				"${BUILT_PRODUCTS_DIR}/leveldb-library/leveldb.framework",
				"${BUILT_PRODUCTS_DIR}/nanopb/nanopb.framework",
			);
			name = "[CP] Embed Pods Frameworks";
			outputPaths = (
				"${TARGET_BUILD_DIR}/${FRAMEWORKS_FOLDER_PATH}/CryptoSwift.framework",
				"${TARGET_BUILD_DIR}/${FRAMEWORKS_FOLDER_PATH}/GTMSessionFetcher.framework",
				"${TARGET_BUILD_DIR}/${FRAMEWORKS_FOLDER_PATH}/GoogleToolboxForMac.framework",
				"${TARGET_BUILD_DIR}/${FRAMEWORKS_FOLDER_PATH}/JSQMessagesViewController.framework",
				"${TARGET_BUILD_DIR}/${FRAMEWORKS_FOLDER_PATH}/JSQSystemSoundPlayer.framework",
				"${TARGET_BUILD_DIR}/${FRAMEWORKS_FOLDER_PATH}/RNCryptor.framework",
				"${TARGET_BUILD_DIR}/${FRAMEWORKS_FOLDER_PATH}/Starscream.framework",
				"${TARGET_BUILD_DIR}/${FRAMEWORKS_FOLDER_PATH}/leveldb.framework",
				"${TARGET_BUILD_DIR}/${FRAMEWORKS_FOLDER_PATH}/nanopb.framework",
			);
			runOnlyForDeploymentPostprocessing = 0;
			shellPath = /bin/sh;
			shellScript = "\"${SRCROOT}/Pods/Target Support Files/Pods-Whisper/Pods-Whisper-frameworks.sh\"\n";
			showEnvVarsInLog = 0;
		};
		D6A8D45DF67C4D58C7FD23D1 /* [CP] Embed Pods Frameworks */ = {
			isa = PBXShellScriptBuildPhase;
			buildActionMask = 2147483647;
			files = (
			);
			inputPaths = (
				"${SRCROOT}/Pods/Target Support Files/Pods-WhisperUITests/Pods-WhisperUITests-frameworks.sh",
				"${BUILT_PRODUCTS_DIR}/GoogleToolboxForMac-Defines-NSData+zlib/GoogleToolboxForMac.framework",
				"${BUILT_PRODUCTS_DIR}/leveldb-library/leveldb.framework",
				"${BUILT_PRODUCTS_DIR}/nanopb/nanopb.framework",
			);
			name = "[CP] Embed Pods Frameworks";
			outputPaths = (
				"${TARGET_BUILD_DIR}/${FRAMEWORKS_FOLDER_PATH}/GoogleToolboxForMac.framework",
				"${TARGET_BUILD_DIR}/${FRAMEWORKS_FOLDER_PATH}/leveldb.framework",
				"${TARGET_BUILD_DIR}/${FRAMEWORKS_FOLDER_PATH}/nanopb.framework",
			);
			runOnlyForDeploymentPostprocessing = 0;
			shellPath = /bin/sh;
			shellScript = "\"${SRCROOT}/Pods/Target Support Files/Pods-WhisperUITests/Pods-WhisperUITests-frameworks.sh\"\n";
			showEnvVarsInLog = 0;
		};
		D73C6961B26E277473C89C54 /* [CP] Check Pods Manifest.lock */ = {
			isa = PBXShellScriptBuildPhase;
			buildActionMask = 2147483647;
			files = (
			);
			inputPaths = (
				"${PODS_PODFILE_DIR_PATH}/Podfile.lock",
				"${PODS_ROOT}/Manifest.lock",
			);
			name = "[CP] Check Pods Manifest.lock";
			outputPaths = (
				"$(DERIVED_FILE_DIR)/Pods-Whisper-checkManifestLockResult.txt",
			);
			runOnlyForDeploymentPostprocessing = 0;
			shellPath = /bin/sh;
			shellScript = "diff \"${PODS_PODFILE_DIR_PATH}/Podfile.lock\" \"${PODS_ROOT}/Manifest.lock\" > /dev/null\nif [ $? != 0 ] ; then\n    # print error to STDERR\n    echo \"error: The sandbox is not in sync with the Podfile.lock. Run 'pod install' or update your CocoaPods installation.\" >&2\n    exit 1\nfi\n# This output is used by Xcode 'outputs' to avoid re-running this script phase.\necho \"SUCCESS\" > \"${SCRIPT_OUTPUT_FILE_0}\"\n";
			showEnvVarsInLog = 0;
		};
		FB4BA0D268C037DA654F83A9 /* [CP] Copy Pods Resources */ = {
			isa = PBXShellScriptBuildPhase;
			buildActionMask = 2147483647;
			files = (
			);
			inputPaths = (
			);
			name = "[CP] Copy Pods Resources";
			outputPaths = (
			);
			runOnlyForDeploymentPostprocessing = 0;
			shellPath = /bin/sh;
			shellScript = "\"${SRCROOT}/Pods/Target Support Files/Pods-WhisperUITests/Pods-WhisperUITests-resources.sh\"\n";
			showEnvVarsInLog = 0;
		};
/* End PBXShellScriptBuildPhase section */

/* Begin PBXSourcesBuildPhase section */
		1956307E1FD81E4800BB857E /* Sources */ = {
			isa = PBXSourcesBuildPhase;
			buildActionMask = 2147483647;
			files = (
				191F76E71FD96BDE0076E041 /* SignInViewController.swift in Sources */,
				6AA610681FDFF882008023F7 /* key.swift in Sources */,
				19D098291FE148A300594AAF /* WebSocketHandler.swift in Sources */,
				1970B9BC1FDADA5F00E6F9CD /* MessageViewController.swift in Sources */,
				831271061FDAFF8500E66063 /* MessagesHandler.swift in Sources */,
				6AA55A5D1FDFDA2A001F0D5E /* EncryptDecrypt.swift in Sources */,
				3B1965A31FE14F2B005E97B9 /* JSONHandler.swift in Sources */,
				19B642871FD822B200EF5166 /* Message.swift in Sources */,
				19747B611FDAB23E00F957B8 /* Conversation.swift in Sources */,
				19E5EDF81FD984FF009FC100 /* AuthProvider.swift in Sources */,
				191F76E91FD96E0C0076E041 /* ConversationViewController.swift in Sources */,
				19E5EDFC1FD9AE58009FC100 /* Constants.swift in Sources */,
				19E5EDFA1FD9AAF9009FC100 /* DBProvider.swift in Sources */,
				195630861FD81E4800BB857E /* AppDelegate.swift in Sources */,
			);
			runOnlyForDeploymentPostprocessing = 0;
		};
		195630921FD81E4800BB857E /* Sources */ = {
			isa = PBXSourcesBuildPhase;
			buildActionMask = 2147483647;
			files = (
				19B642851FD8229700EF5166 /* MessageTests.swift in Sources */,
				19E5EDFE1FD9B959009FC100 /* DBProviderTests.swift in Sources */,
				19B642891FD84EA900EF5166 /* ViewControllerUnitTests.swift in Sources */,
			);
			runOnlyForDeploymentPostprocessing = 0;
		};
		1956309D1FD81E4800BB857E /* Sources */ = {
			isa = PBXSourcesBuildPhase;
			buildActionMask = 2147483647;
			files = (
				19B6428B1FD84FD100EF5166 /* ViewControllerUITests.swift in Sources */,
			);
			runOnlyForDeploymentPostprocessing = 0;
		};
/* End PBXSourcesBuildPhase section */

/* Begin PBXTargetDependency section */
		195630981FD81E4800BB857E /* PBXTargetDependency */ = {
			isa = PBXTargetDependency;
			target = 195630811FD81E4800BB857E /* Whisper */;
			targetProxy = 195630971FD81E4800BB857E /* PBXContainerItemProxy */;
		};
		195630A31FD81E4800BB857E /* PBXTargetDependency */ = {
			isa = PBXTargetDependency;
			target = 195630811FD81E4800BB857E /* Whisper */;
			targetProxy = 195630A21FD81E4800BB857E /* PBXContainerItemProxy */;
		};
/* End PBXTargetDependency section */

/* Begin PBXVariantGroup section */
		195630891FD81E4800BB857E /* Main.storyboard */ = {
			isa = PBXVariantGroup;
			children = (
				1956308A1FD81E4800BB857E /* Base */,
			);
			name = Main.storyboard;
			sourceTree = "<group>";
		};
		1956308E1FD81E4800BB857E /* LaunchScreen.storyboard */ = {
			isa = PBXVariantGroup;
			children = (
				1956308F1FD81E4800BB857E /* Base */,
			);
			name = LaunchScreen.storyboard;
			sourceTree = "<group>";
		};
/* End PBXVariantGroup section */

/* Begin XCBuildConfiguration section */
		195630A81FD81E4800BB857E /* Debug */ = {
			isa = XCBuildConfiguration;
			buildSettings = {
				ALWAYS_SEARCH_USER_PATHS = NO;
				CLANG_ANALYZER_NONNULL = YES;
				CLANG_ANALYZER_NUMBER_OBJECT_CONVERSION = YES_AGGRESSIVE;
				CLANG_CXX_LANGUAGE_STANDARD = "gnu++14";
				CLANG_CXX_LIBRARY = "libc++";
				CLANG_ENABLE_MODULES = YES;
				CLANG_ENABLE_OBJC_ARC = YES;
				CLANG_WARN_BLOCK_CAPTURE_AUTORELEASING = YES;
				CLANG_WARN_BOOL_CONVERSION = YES;
				CLANG_WARN_COMMA = YES;
				CLANG_WARN_CONSTANT_CONVERSION = YES;
				CLANG_WARN_DIRECT_OBJC_ISA_USAGE = YES_ERROR;
				CLANG_WARN_DOCUMENTATION_COMMENTS = YES;
				CLANG_WARN_EMPTY_BODY = YES;
				CLANG_WARN_ENUM_CONVERSION = YES;
				CLANG_WARN_INFINITE_RECURSION = YES;
				CLANG_WARN_INT_CONVERSION = YES;
				CLANG_WARN_NON_LITERAL_NULL_CONVERSION = YES;
				CLANG_WARN_OBJC_LITERAL_CONVERSION = YES;
				CLANG_WARN_OBJC_ROOT_CLASS = YES_ERROR;
				CLANG_WARN_RANGE_LOOP_ANALYSIS = YES;
				CLANG_WARN_STRICT_PROTOTYPES = YES;
				CLANG_WARN_SUSPICIOUS_MOVE = YES;
				CLANG_WARN_UNGUARDED_AVAILABILITY = YES_AGGRESSIVE;
				CLANG_WARN_UNREACHABLE_CODE = YES;
				CLANG_WARN__DUPLICATE_METHOD_MATCH = YES;
				CODE_SIGN_IDENTITY = "iPhone Developer";
				COPY_PHASE_STRIP = NO;
				DEBUG_INFORMATION_FORMAT = dwarf;
				ENABLE_STRICT_OBJC_MSGSEND = YES;
				ENABLE_TESTABILITY = YES;
				GCC_C_LANGUAGE_STANDARD = gnu11;
				GCC_DYNAMIC_NO_PIC = NO;
				GCC_NO_COMMON_BLOCKS = YES;
				GCC_OPTIMIZATION_LEVEL = 0;
				GCC_PREPROCESSOR_DEFINITIONS = (
					"DEBUG=1",
					"$(inherited)",
				);
				GCC_WARN_64_TO_32_BIT_CONVERSION = YES;
				GCC_WARN_ABOUT_RETURN_TYPE = YES_ERROR;
				GCC_WARN_UNDECLARED_SELECTOR = YES;
				GCC_WARN_UNINITIALIZED_AUTOS = YES_AGGRESSIVE;
				GCC_WARN_UNUSED_FUNCTION = YES;
				GCC_WARN_UNUSED_VARIABLE = YES;
				IPHONEOS_DEPLOYMENT_TARGET = 11.1;
				MTL_ENABLE_DEBUG_INFO = YES;
				ONLY_ACTIVE_ARCH = YES;
				SDKROOT = iphoneos;
				SWIFT_ACTIVE_COMPILATION_CONDITIONS = DEBUG;
				SWIFT_OPTIMIZATION_LEVEL = "-Onone";
			};
			name = Debug;
		};
		195630A91FD81E4800BB857E /* Release */ = {
			isa = XCBuildConfiguration;
			buildSettings = {
				ALWAYS_SEARCH_USER_PATHS = NO;
				CLANG_ANALYZER_NONNULL = YES;
				CLANG_ANALYZER_NUMBER_OBJECT_CONVERSION = YES_AGGRESSIVE;
				CLANG_CXX_LANGUAGE_STANDARD = "gnu++14";
				CLANG_CXX_LIBRARY = "libc++";
				CLANG_ENABLE_MODULES = YES;
				CLANG_ENABLE_OBJC_ARC = YES;
				CLANG_WARN_BLOCK_CAPTURE_AUTORELEASING = YES;
				CLANG_WARN_BOOL_CONVERSION = YES;
				CLANG_WARN_COMMA = YES;
				CLANG_WARN_CONSTANT_CONVERSION = YES;
				CLANG_WARN_DIRECT_OBJC_ISA_USAGE = YES_ERROR;
				CLANG_WARN_DOCUMENTATION_COMMENTS = YES;
				CLANG_WARN_EMPTY_BODY = YES;
				CLANG_WARN_ENUM_CONVERSION = YES;
				CLANG_WARN_INFINITE_RECURSION = YES;
				CLANG_WARN_INT_CONVERSION = YES;
				CLANG_WARN_NON_LITERAL_NULL_CONVERSION = YES;
				CLANG_WARN_OBJC_LITERAL_CONVERSION = YES;
				CLANG_WARN_OBJC_ROOT_CLASS = YES_ERROR;
				CLANG_WARN_RANGE_LOOP_ANALYSIS = YES;
				CLANG_WARN_STRICT_PROTOTYPES = YES;
				CLANG_WARN_SUSPICIOUS_MOVE = YES;
				CLANG_WARN_UNGUARDED_AVAILABILITY = YES_AGGRESSIVE;
				CLANG_WARN_UNREACHABLE_CODE = YES;
				CLANG_WARN__DUPLICATE_METHOD_MATCH = YES;
				CODE_SIGN_IDENTITY = "iPhone Developer";
				COPY_PHASE_STRIP = NO;
				DEBUG_INFORMATION_FORMAT = "dwarf-with-dsym";
				ENABLE_NS_ASSERTIONS = NO;
				ENABLE_STRICT_OBJC_MSGSEND = YES;
				GCC_C_LANGUAGE_STANDARD = gnu11;
				GCC_NO_COMMON_BLOCKS = YES;
				GCC_WARN_64_TO_32_BIT_CONVERSION = YES;
				GCC_WARN_ABOUT_RETURN_TYPE = YES_ERROR;
				GCC_WARN_UNDECLARED_SELECTOR = YES;
				GCC_WARN_UNINITIALIZED_AUTOS = YES_AGGRESSIVE;
				GCC_WARN_UNUSED_FUNCTION = YES;
				GCC_WARN_UNUSED_VARIABLE = YES;
				IPHONEOS_DEPLOYMENT_TARGET = 11.1;
				MTL_ENABLE_DEBUG_INFO = NO;
				SDKROOT = iphoneos;
				SWIFT_OPTIMIZATION_LEVEL = "-Owholemodule";
				VALIDATE_PRODUCT = YES;
			};
			name = Release;
		};
		195630AB1FD81E4800BB857E /* Debug */ = {
			isa = XCBuildConfiguration;
			baseConfigurationReference = 8B6CF3D00C6951E068BCF6D5 /* Pods-Whisper.debug.xcconfig */;
			buildSettings = {
				ASSETCATALOG_COMPILER_APPICON_NAME = AppIcon;
				CODE_SIGN_STYLE = Automatic;
				DEVELOPMENT_TEAM = 2BCPHA2A96;
				INFOPLIST_FILE = Whisper/Info.plist;
				LD_RUNPATH_SEARCH_PATHS = "$(inherited) @executable_path/Frameworks";
				PRODUCT_BUNDLE_IDENTIFIER = com.me.Whisper;
				PRODUCT_NAME = "$(TARGET_NAME)";
				SWIFT_VERSION = 4.0;
				TARGETED_DEVICE_FAMILY = "1,2";
			};
			name = Debug;
		};
		195630AC1FD81E4800BB857E /* Release */ = {
			isa = XCBuildConfiguration;
			baseConfigurationReference = 32C04CF6B530973D3F3C2363 /* Pods-Whisper.release.xcconfig */;
			buildSettings = {
				ASSETCATALOG_COMPILER_APPICON_NAME = AppIcon;
				CODE_SIGN_STYLE = Automatic;
				DEVELOPMENT_TEAM = 2BCPHA2A96;
				INFOPLIST_FILE = Whisper/Info.plist;
				LD_RUNPATH_SEARCH_PATHS = "$(inherited) @executable_path/Frameworks";
				PRODUCT_BUNDLE_IDENTIFIER = com.me.Whisper;
				PRODUCT_NAME = "$(TARGET_NAME)";
				SWIFT_VERSION = 4.0;
				TARGETED_DEVICE_FAMILY = "1,2";
			};
			name = Release;
		};
		195630AE1FD81E4800BB857E /* Debug */ = {
			isa = XCBuildConfiguration;
			baseConfigurationReference = A0D953D6963C78C3950E356A /* Pods-WhisperTests.debug.xcconfig */;
			buildSettings = {
				ALWAYS_EMBED_SWIFT_STANDARD_LIBRARIES = YES;
				BUNDLE_LOADER = "$(TEST_HOST)";
				CODE_SIGN_STYLE = Automatic;
				INFOPLIST_FILE = WhisperTests/Info.plist;
				LD_RUNPATH_SEARCH_PATHS = "$(inherited) @executable_path/Frameworks @loader_path/Frameworks";
				PRODUCT_BUNDLE_IDENTIFIER = com.me.WhisperTests;
				PRODUCT_NAME = "$(TARGET_NAME)";
				SWIFT_VERSION = 4.0;
				TARGETED_DEVICE_FAMILY = "1,2";
				TEST_HOST = "$(BUILT_PRODUCTS_DIR)/Whisper.app/Whisper";
			};
			name = Debug;
		};
		195630AF1FD81E4800BB857E /* Release */ = {
			isa = XCBuildConfiguration;
			baseConfigurationReference = 3375D35140B927A0AC0F42C0 /* Pods-WhisperTests.release.xcconfig */;
			buildSettings = {
				ALWAYS_EMBED_SWIFT_STANDARD_LIBRARIES = YES;
				BUNDLE_LOADER = "$(TEST_HOST)";
				CODE_SIGN_STYLE = Automatic;
				INFOPLIST_FILE = WhisperTests/Info.plist;
				LD_RUNPATH_SEARCH_PATHS = "$(inherited) @executable_path/Frameworks @loader_path/Frameworks";
				PRODUCT_BUNDLE_IDENTIFIER = com.me.WhisperTests;
				PRODUCT_NAME = "$(TARGET_NAME)";
				SWIFT_VERSION = 4.0;
				TARGETED_DEVICE_FAMILY = "1,2";
				TEST_HOST = "$(BUILT_PRODUCTS_DIR)/Whisper.app/Whisper";
			};
			name = Release;
		};
		195630B11FD81E4800BB857E /* Debug */ = {
			isa = XCBuildConfiguration;
			baseConfigurationReference = 3B807CC2A75CBECFBF4AEB65 /* Pods-WhisperUITests.debug.xcconfig */;
			buildSettings = {
				ALWAYS_EMBED_SWIFT_STANDARD_LIBRARIES = YES;
				CLANG_ENABLE_MODULES = YES;
				CODE_SIGN_STYLE = Automatic;
				INFOPLIST_FILE = WhisperUITests/Info.plist;
				LD_RUNPATH_SEARCH_PATHS = "$(inherited) @executable_path/Frameworks @loader_path/Frameworks";
				PRODUCT_BUNDLE_IDENTIFIER = com.me.WhisperUITests;
				PRODUCT_NAME = "$(TARGET_NAME)";
				SWIFT_OPTIMIZATION_LEVEL = "-Onone";
				SWIFT_VERSION = 4.0;
				TARGETED_DEVICE_FAMILY = "1,2";
				TEST_TARGET_NAME = Whisper;
			};
			name = Debug;
		};
		195630B21FD81E4800BB857E /* Release */ = {
			isa = XCBuildConfiguration;
			baseConfigurationReference = 5CB22BF02806F06491463C4B /* Pods-WhisperUITests.release.xcconfig */;
			buildSettings = {
				ALWAYS_EMBED_SWIFT_STANDARD_LIBRARIES = YES;
				CLANG_ENABLE_MODULES = YES;
				CODE_SIGN_STYLE = Automatic;
				INFOPLIST_FILE = WhisperUITests/Info.plist;
				LD_RUNPATH_SEARCH_PATHS = "$(inherited) @executable_path/Frameworks @loader_path/Frameworks";
				PRODUCT_BUNDLE_IDENTIFIER = com.me.WhisperUITests;
				PRODUCT_NAME = "$(TARGET_NAME)";
				SWIFT_VERSION = 4.0;
				TARGETED_DEVICE_FAMILY = "1,2";
				TEST_TARGET_NAME = Whisper;
			};
			name = Release;
		};
/* End XCBuildConfiguration section */

/* Begin XCConfigurationList section */
		1956307D1FD81E4800BB857E /* Build configuration list for PBXProject "Whisper" */ = {
			isa = XCConfigurationList;
			buildConfigurations = (
				195630A81FD81E4800BB857E /* Debug */,
				195630A91FD81E4800BB857E /* Release */,
			);
			defaultConfigurationIsVisible = 0;
			defaultConfigurationName = Release;
		};
		195630AA1FD81E4800BB857E /* Build configuration list for PBXNativeTarget "Whisper" */ = {
			isa = XCConfigurationList;
			buildConfigurations = (
				195630AB1FD81E4800BB857E /* Debug */,
				195630AC1FD81E4800BB857E /* Release */,
			);
			defaultConfigurationIsVisible = 0;
			defaultConfigurationName = Release;
		};
		195630AD1FD81E4800BB857E /* Build configuration list for PBXNativeTarget "WhisperTests" */ = {
			isa = XCConfigurationList;
			buildConfigurations = (
				195630AE1FD81E4800BB857E /* Debug */,
				195630AF1FD81E4800BB857E /* Release */,
			);
			defaultConfigurationIsVisible = 0;
			defaultConfigurationName = Release;
		};
		195630B01FD81E4800BB857E /* Build configuration list for PBXNativeTarget "WhisperUITests" */ = {
			isa = XCConfigurationList;
			buildConfigurations = (
				195630B11FD81E4800BB857E /* Debug */,
				195630B21FD81E4800BB857E /* Release */,
			);
			defaultConfigurationIsVisible = 0;
			defaultConfigurationName = Release;
		};
/* End XCConfigurationList section */
	};
	rootObject = 1956307A1FD81E4800BB857E /* Project object */;
}
